
Microsoft Visual Studio Solution File, Format Version 12.00
# Visual Studio 14
VisualStudioVersion = 14.0.25420.1
MinimumVisualStudioVersion = 10.0.40219.1
Project("{FAE04EC0-301F-11D3-BF4B-00C04F79EFBC}") = "TambulaLogs", "TambulaLogs\TambulaLogs.csproj", "{B74EFA4B-772C-4004-9971-A96E7E3E2DE9}"
EndProject
Project("{FAE04EC0-301F-11D3-BF4B-00C04F79EFBC}") = "TambulaScheduledTaskAgent", "TambulaScheduledTaskAgent\TambulaScheduledTaskAgent.csproj", "{539A265B-51F5-42DB-B28F-45CFFCD199F5}"
EndProject
Global
	GlobalSection(SolutionConfigurationPlatforms) = preSolution
		Debug|Any CPU = Debug|Any CPU
		Debug|ARM = Debug|ARM
		Debug|x86 = Debug|x86
		Release|Any CPU = Release|Any CPU
		Release|ARM = Release|ARM
		Release|x86 = Release|x86
	EndGlobalSection
	GlobalSection(ProjectConfigurationPlatforms) = postSolution
		{B74EFA4B-772C-4004-9971-A96E7E3E2DE9}.Debug|Any CPU.ActiveCfg = Debug|Any CPU
		{B74EFA4B-772C-4004-9971-A96E7E3E2DE9}.Debug|Any CPU.Build.0 = Debug|Any CPU
		{B74EFA4B-772C-4004-9971-A96E7E3E2DE9}.Debug|Any CPU.Deploy.0 = Debug|Any CPU
		{B74EFA4B-772C-4004-9971-A96E7E3E2DE9}.Debug|ARM.ActiveCfg = Debug|ARM
		{B74EFA4B-772C-4004-9971-A96E7E3E2DE9}.Debug|ARM.Build.0 = Debug|ARM
		{B74EFA4B-772C-4004-9971-A96E7E3E2DE9}.Debug|ARM.Deploy.0 = Debug|ARM
		{B74EFA4B-772C-4004-9971-A96E7E3E2DE9}.Debug|x86.ActiveCfg = Debug|x86
		{B74EFA4B-772C-4004-9971-A96E7E3E2DE9}.Debug|x86.Build.0 = Debug|x86
		{B74EFA4B-772C-4004-9971-A96E7E3E2DE9}.Debug|x86.Deploy.0 = Debug|x86
		{B74EFA4B-772C-4004-9971-A96E7E3E2DE9}.Release|Any CPU.ActiveCfg = Release|Any CPU
		{B74EFA4B-772C-4004-9971-A96E7E3E2DE9}.Release|Any CPU.Build.0 = Release|Any CPU
		{B74EFA4B-772C-4004-9971-A96E7E3E2DE9}.Release|Any CPU.Deploy.0 = Release|Any CPU
		{B74EFA4B-772C-4004-9971-A96E7E3E2DE9}.Release|ARM.ActiveCfg = Release|ARM
		{B74EFA4B-772C-4004-9971-A96E7E3E2DE9}.Release|ARM.Build.0 = Release|ARM
		{B74EFA4B-772C-4004-9971-A96E7E3E2DE9}.Release|ARM.Deploy.0 = Release|ARM
		{B74EFA4B-772C-4004-9971-A96E7E3E2DE9}.Release|x86.ActiveCfg = Release|x86
		{B74EFA4B-772C-4004-9971-A96E7E3E2DE9}.Release|x86.Build.0 = Release|x86
		{B74EFA4B-772C-4004-9971-A96E7E3E2DE9}.Release|x86.Deploy.0 = Release|x86
		{539A265B-51F5-42DB-B28F-45CFFCD199F5}.Debug|Any CPU.ActiveCfg = Debug|Any CPU
		{539A265B-51F5-42DB-B28F-45CFFCD199F5}.Debug|Any CPU.Build.0 = Debug|Any CPU
		{539A265B-51F5-42DB-B28F-45CFFCD199F5}.Debug|ARM.ActiveCfg = Debug|ARM
		{539A265B-51F5-42DB-B28F-45CFFCD199F5}.Debug|ARM.Build.0 = Debug|ARM
		{539A265B-51F5-42DB-B28F-45CFFCD199F5}.Debug|x86.ActiveCfg = Debug|x86
		{539A265B-51F5-42DB-B28F-45CFFCD199F5}.Debug|x86.Build.0 = Debug|x86
		{539A265B-51F5-42DB-B28F-45CFFCD199F5}.Release|Any CPU.ActiveCfg = Release|Any CPU
		{539A265B-51F5-42DB-B28F-45CFFCD199F5}.Release|Any CPU.Build.0 = Release|Any CPU
		{539A265B-51F5-42DB-B28F-45CFFCD199F5}.Release|ARM.ActiveCfg = Release|ARM
		{539A265B-51F5-42DB-B28F-45CFFCD199F5}.Release|ARM.Build.0 = Release|ARM
		{539A265B-51F5-42DB-B28F-45CFFCD199F5}.Release|x86.ActiveCfg = Release|x86
		{539A265B-51F5-42DB-B28F-45CFFCD199F5}.Release|x86.Build.0 = Release|x86
	EndGlobalSection
	GlobalSection(SolutionProperties) = preSolution
		HideSolutionNode = FALSE
	EndGlobalSection
EndGlobal
